
Microsoft Visual Studio Solution File, Format Version 12.00
# Visual Studio Version 17
VisualStudioVersion = 17.0.31903.59
MinimumVisualStudioVersion = 10.0.40219.1
Project("{2150E333-8FDC-42A3-9474-1A3956D46DE8}") = "samples", "samples", "{5D20AA90-6969-D8BD-9DCD-8634F4692FDA}"
EndProject
Project("{2150E333-8FDC-42A3-9474-1A3956D46DE8}") = "AiService", "AiService", "{89875A62-40CF-5CAB-7A5A-D58227126091}"
EndProject
Project("{FAE04EC0-301F-11D3-BF4B-00C04F79EFBC}") = "TXTextControl.AI.Service", "samples\AiService\TXTextControl.AI.Service.csproj", "{2585B455-7253-4806-9304-FB14015D4506}"
EndProject
Project("{FAE04EC0-301F-11D3-BF4B-00C04F79EFBC}") = "LocalChat", "samples\LocalChat\LocalChat.csproj", "{28C20906-5644-499C-A868-7B932A6A8EAD}"
EndProject
Project("{FAE04EC0-301F-11D3-BF4B-00C04F79EFBC}") = "LocalStreaming", "samples\LocalStreaming\LocalStreaming.csproj", "{3991B076-C6BA-488D-968D-A62424A29D99}"
EndProject
Project("{FAE04EC0-301F-11D3-BF4B-00C04F79EFBC}") = "LocalStructuredOutput", "samples\LocalStructuredOutput\LocalStructuredOutput.csproj", "{B2CE15FB-396A-483F-A854-66755E37D4A5}"
EndProject
Project("{FAE04EC0-301F-11D3-BF4B-00C04F79EFBC}") = "LocalToolCalling", "samples\LocalToolCalling\LocalToolCalling.csproj", "{9767401C-7000-4E65-86E8-F075AA99495A}"
EndProject
Project("{2150E333-8FDC-42A3-9474-1A3956D46DE8}") = "McpChat", "McpChat", "{9570C29A-01B6-C267-C7AB-0F2FE482C4C2}"
EndProject
Project("{FAE04EC0-301F-11D3-BF4B-00C04F79EFBC}") = "TXTextControl.MCP.LocalAI", "samples\McpChat\TXTextControl.MCP.LocalAI.csproj", "{A708CEE1-5CE9-4C96-BAE9-B4B12A0C1883}"
EndProject
Project("{2150E333-8FDC-42A3-9474-1A3956D46DE8}") = "McpServer", "McpServer", "{A0957D83-74D6-B313-A0FA-C2C680DDFF1E}"
EndProject
Project("{FAE04EC0-301F-11D3-BF4B-00C04F79EFBC}") = "TxTextControl.McpServer", "samples\McpServer\TxTextControl.McpServer.csproj", "{83C21352-222D-4665-B7AF-5DE1FD078F3C}"
EndProject
Project("{FAE04EC0-301F-11D3-BF4B-00C04F79EFBC}") = "MinimalMcpHost", "samples\MinimalMcpHost\MinimalMcpHost.csproj", "{5CB8EC94-7C32-4F39-BA83-8701C3545110}"
EndProject
Project("{FAE04EC0-301F-11D3-BF4B-00C04F79EFBC}") = "MinimalWeb", "samples\MinimalWeb\MinimalWeb.csproj", "{F5DA409E-60C6-4491-A75E-65CFE93C8412}"
EndProject
Project("{2150E333-8FDC-42A3-9474-1A3956D46DE8}") = "WebDocumentAssistant", "WebDocumentAssistant", "{D82A827B-243C-D141-794F-1E6FB4D60C4A}"
EndProject
Project("{FAE04EC0-301F-11D3-BF4B-00C04F79EFBC}") = "TXTextControl.AI.Web", "samples\WebDocumentAssistant\TXTextControl.AI.Web.csproj", "{42E92685-000D-49B4-8EDE-50782D7074D6}"
EndProject
Global
	GlobalSection(SolutionConfigurationPlatforms) = preSolution
		Debug|Any CPU = Debug|Any CPU
		Debug|x64 = Debug|x64
		Debug|x86 = Debug|x86
		Release|Any CPU = Release|Any CPU
		Release|x64 = Release|x64
		Release|x86 = Release|x86
	EndGlobalSection
	GlobalSection(ProjectConfigurationPlatforms) = postSolution
		{2585B455-7253-4806-9304-FB14015D4506}.Debug|Any CPU.ActiveCfg = Debug|Any CPU
		{2585B455-7253-4806-9304-FB14015D4506}.Debug|Any CPU.Build.0 = Debug|Any CPU
		{2585B455-7253-4806-9304-FB14015D4506}.Debug|x64.ActiveCfg = Debug|Any CPU
		{2585B455-7253-4806-9304-FB14015D4506}.Debug|x64.Build.0 = Debug|Any CPU
		{2585B455-7253-4806-9304-FB14015D4506}.Debug|x86.ActiveCfg = Debug|Any CPU
		{2585B455-7253-4806-9304-FB14015D4506}.Debug|x86.Build.0 = Debug|Any CPU
		{2585B455-7253-4806-9304-FB14015D4506}.Release|Any CPU.ActiveCfg = Release|Any CPU
		{2585B455-7253-4806-9304-FB14015D4506}.Release|Any CPU.Build.0 = Release|Any CPU
		{2585B455-7253-4806-9304-FB14015D4506}.Release|x64.ActiveCfg = Release|Any CPU
		{2585B455-7253-4806-9304-FB14015D4506}.Release|x64.Build.0 = Release|Any CPU
		{2585B455-7253-4806-9304-FB14015D4506}.Release|x86.ActiveCfg = Release|Any CPU
		{2585B455-7253-4806-9304-FB14015D4506}.Release|x86.Build.0 = Release|Any CPU
		{28C20906-5644-499C-A868-7B932A6A8EAD}.Debug|Any CPU.ActiveCfg = Debug|Any CPU
		{28C20906-5644-499C-A868-7B932A6A8EAD}.Debug|Any CPU.Build.0 = Debug|Any CPU
		{28C20906-5644-499C-A868-7B932A6A8EAD}.Debug|x64.ActiveCfg = Debug|Any CPU
		{28C20906-5644-499C-A868-7B932A6A8EAD}.Debug|x64.Build.0 = Debug|Any CPU
		{28C20906-5644-499C-A868-7B932A6A8EAD}.Debug|x86.ActiveCfg = Debug|Any CPU
		{28C20906-5644-499C-A868-7B932A6A8EAD}.Debug|x86.Build.0 = Debug|Any CPU
		{28C20906-5644-499C-A868-7B932A6A8EAD}.Release|Any CPU.ActiveCfg = Release|Any CPU
		{28C20906-5644-499C-A868-7B932A6A8EAD}.Release|Any CPU.Build.0 = Release|Any CPU
		{28C20906-5644-499C-A868-7B932A6A8EAD}.Release|x64.ActiveCfg = Release|Any CPU
		{28C20906-5644-499C-A868-7B932A6A8EAD}.Release|x64.Build.0 = Release|Any CPU
		{28C20906-5644-499C-A868-7B932A6A8EAD}.Release|x86.ActiveCfg = Release|Any CPU
		{28C20906-5644-499C-A868-7B932A6A8EAD}.Release|x86.Build.0 = Release|Any CPU
		{3991B076-C6BA-488D-968D-A62424A29D99}.Debug|Any CPU.ActiveCfg = Debug|Any CPU
		{3991B076-C6BA-488D-968D-A62424A29D99}.Debug|Any CPU.Build.0 = Debug|Any CPU
		{3991B076-C6BA-488D-968D-A62424A29D99}.Debug|x64.ActiveCfg = Debug|Any CPU
		{3991B076-C6BA-488D-968D-A62424A29D99}.Debug|x64.Build.0 = Debug|Any CPU
		{3991B076-C6BA-488D-968D-A62424A29D99}.Debug|x86.ActiveCfg = Debug|Any CPU
		{3991B076-C6BA-488D-968D-A62424A29D99}.Debug|x86.Build.0 = Debug|Any CPU
		{3991B076-C6BA-488D-968D-A62424A29D99}.Release|Any CPU.ActiveCfg = Release|Any CPU
		{3991B076-C6BA-488D-968D-A62424A29D99}.Release|Any CPU.Build.0 = Release|Any CPU
		{3991B076-C6BA-488D-968D-A62424A29D99}.Release|x64.ActiveCfg = Release|Any CPU
		{3991B076-C6BA-488D-968D-A62424A29D99}.Release|x64.Build.0 = Release|Any CPU
		{3991B076-C6BA-488D-968D-A62424A29D99}.Release|x86.ActiveCfg = Release|Any CPU
		{3991B076-C6BA-488D-968D-A62424A29D99}.Release|x86.Build.0 = Release|Any CPU
		{B2CE15FB-396A-483F-A854-66755E37D4A5}.Debug|Any CPU.ActiveCfg = Debug|Any CPU
		{B2CE15FB-396A-483F-A854-66755E37D4A5}.Debug|Any CPU.Build.0 = Debug|Any CPU
		{B2CE15FB-396A-483F-A854-66755E37D4A5}.Debug|x64.ActiveCfg = Debug|Any CPU
		{B2CE15FB-396A-483F-A854-66755E37D4A5}.Debug|x64.Build.0 = Debug|Any CPU
		{B2CE15FB-396A-483F-A854-66755E37D4A5}.Debug|x86.ActiveCfg = Debug|Any CPU
		{B2CE15FB-396A-483F-A854-66755E37D4A5}.Debug|x86.Build.0 = Debug|Any CPU
		{B2CE15FB-396A-483F-A854-66755E37D4A5}.Release|Any CPU.ActiveCfg = Release|Any CPU
		{B2CE15FB-396A-483F-A854-66755E37D4A5}.Release|Any CPU.Build.0 = Release|Any CPU
		{B2CE15FB-396A-483F-A854-66755E37D4A5}.Release|x64.ActiveCfg = Release|Any CPU
		{B2CE15FB-396A-483F-A854-66755E37D4A5}.Release|x64.Build.0 = Release|Any CPU
		{B2CE15FB-396A-483F-A854-66755E37D4A5}.Release|x86.ActiveCfg = Release|Any CPU
		{B2CE15FB-396A-483F-A854-66755E37D4A5}.Release|x86.Build.0 = Release|Any CPU
		{9767401C-7000-4E65-86E8-F075AA99495A}.Debug|Any CPU.ActiveCfg = Debug|Any CPU
		{9767401C-7000-4E65-86E8-F075AA99495A}.Debug|Any CPU.Build.0 = Debug|Any CPU
		{9767401C-7000-4E65-86E8-F075AA99495A}.Debug|x64.ActiveCfg = Debug|Any CPU
		{9767401C-7000-4E65-86E8-F075AA99495A}.Debug|x64.Build.0 = Debug|Any CPU
		{9767401C-7000-4E65-86E8-F075AA99495A}.Debug|x86.ActiveCfg = Debug|Any CPU
		{9767401C-7000-4E65-86E8-F075AA99495A}.Debug|x86.Build.0 = Debug|Any CPU
		{9767401C-7000-4E65-86E8-F075AA99495A}.Release|Any CPU.ActiveCfg = Release|Any CPU
		{9767401C-7000-4E65-86E8-F075AA99495A}.Release|Any CPU.Build.0 = Release|Any CPU
		{9767401C-7000-4E65-86E8-F075AA99495A}.Release|x64.ActiveCfg = Release|Any CPU
		{9767401C-7000-4E65-86E8-F075AA99495A}.Release|x64.Build.0 = Release|Any CPU
		{9767401C-7000-4E65-86E8-F075AA99495A}.Release|x86.ActiveCfg = Release|Any CPU
		{9767401C-7000-4E65-86E8-F075AA99495A}.Release|x86.Build.0 = Release|Any CPU
		{A708CEE1-5CE9-4C96-BAE9-B4B12A0C1883}.Debug|Any CPU.ActiveCfg = Debug|Any CPU
		{A708CEE1-5CE9-4C96-BAE9-B4B12A0C1883}.Debug|Any CPU.Build.0 = Debug|Any CPU
		{A708CEE1-5CE9-4C96-BAE9-B4B12A0C1883}.Debug|x64.ActiveCfg = Debug|Any CPU
		{A708CEE1-5CE9-4C96-BAE9-B4B12A0C1883}.Debug|x64.Build.0 = Debug|Any CPU
		{A708CEE1-5CE9-4C96-BAE9-B4B12A0C1883}.Debug|x86.ActiveCfg = Debug|Any CPU
		{A708CEE1-5CE9-4C96-BAE9-B4B12A0C1883}.Debug|x86.Build.0 = Debug|Any CPU
		{A708CEE1-5CE9-4C96-BAE9-B4B12A0C1883}.Release|Any CPU.ActiveCfg = Release|Any CPU
		{A708CEE1-5CE9-4C96-BAE9-B4B12A0C1883}.Release|Any CPU.Build.0 = Release|Any CPU
		{A708CEE1-5CE9-4C96-BAE9-B4B12A0C1883}.Release|x64.ActiveCfg = Release|Any CPU
		{A708CEE1-5CE9-4C96-BAE9-B4B12A0C1883}.Release|x64.Build.0 = Release|Any CPU
		{A708CEE1-5CE9-4C96-BAE9-B4B12A0C1883}.Release|x86.ActiveCfg = Release|Any CPU
		{A708CEE1-5CE9-4C96-BAE9-B4B12A0C1883}.Release|x86.Build.0 = Release|Any CPU
		{83C21352-222D-4665-B7AF-5DE1FD078F3C}.Debug|Any CPU.ActiveCfg = Debug|Any CPU
		{83C21352-222D-4665-B7AF-5DE1FD078F3C}.Debug|Any CPU.Build.0 = Debug|Any CPU
		{83C21352-222D-4665-B7AF-5DE1FD078F3C}.Debug|x64.ActiveCfg = Debug|Any CPU
		{83C21352-222D-4665-B7AF-5DE1FD078F3C}.Debug|x64.Build.0 = Debug|Any CPU
		{83C21352-222D-4665-B7AF-5DE1FD078F3C}.Debug|x86.ActiveCfg = Debug|Any CPU
		{83C21352-222D-4665-B7AF-5DE1FD078F3C}.Debug|x86.Build.0 = Debug|Any CPU
		{83C21352-222D-4665-B7AF-5DE1FD078F3C}.Release|Any CPU.ActiveCfg = Release|Any CPU
		{83C21352-222D-4665-B7AF-5DE1FD078F3C}.Release|Any CPU.Build.0 = Release|Any CPU
		{83C21352-222D-4665-B7AF-5DE1FD078F3C}.Release|x64.ActiveCfg = Release|Any CPU
		{83C21352-222D-4665-B7AF-5DE1FD078F3C}.Release|x64.Build.0 = Release|Any CPU
		{83C21352-222D-4665-B7AF-5DE1FD078F3C}.Release|x86.ActiveCfg = Release|Any CPU
		{83C21352-222D-4665-B7AF-5DE1FD078F3C}.Release|x86.Build.0 = Release|Any CPU
		{5CB8EC94-7C32-4F39-BA83-8701C3545110}.Debug|Any CPU.ActiveCfg = Debug|Any CPU
		{5CB8EC94-7C32-4F39-BA83-8701C3545110}.Debug|Any CPU.Build.0 = Debug|Any CPU
		{5CB8EC94-7C32-4F39-BA83-8701C3545110}.Debug|x64.ActiveCfg = Debug|Any CPU
		{5CB8EC94-7C32-4F39-BA83-8701C3545110}.Debug|x64.Build.0 = Debug|Any CPU
		{5CB8EC94-7C32-4F39-BA83-8701C3545110}.Debug|x86.ActiveCfg = Debug|Any CPU
		{5CB8EC94-7C32-4F39-BA83-8701C3545110}.Debug|x86.Build.0 = Debug|Any CPU
		{5CB8EC94-7C32-4F39-BA83-8701C3545110}.Release|Any CPU.ActiveCfg = Release|Any CPU
		{5CB8EC94-7C32-4F39-BA83-8701C3545110}.Release|Any CPU.Build.0 = Release|Any CPU
		{5CB8EC94-7C32-4F39-BA83-8701C3545110}.Release|x64.ActiveCfg = Release|Any CPU
		{5CB8EC94-7C32-4F39-BA83-8701C3545110}.Release|x64.Build.0 = Release|Any CPU
		{5CB8EC94-7C32-4F39-BA83-8701C3545110}.Release|x86.ActiveCfg = Release|Any CPU
		{5CB8EC94-7C32-4F39-BA83-8701C3545110}.Release|x86.Build.0 = Release|Any CPU
		{F5DA409E-60C6-4491-A75E-65CFE93C8412}.Debug|Any CPU.ActiveCfg = Debug|Any CPU
		{F5DA409E-60C6-4491-A75E-65CFE93C8412}.Debug|Any CPU.Build.0 = Debug|Any CPU
		{F5DA409E-60C6-4491-A75E-65CFE93C8412}.Debug|x64.ActiveCfg = Debug|Any CPU
		{F5DA409E-60C6-4491-A75E-65CFE93C8412}.Debug|x64.Build.0 = Debug|Any CPU
		{F5DA409E-60C6-4491-A75E-65CFE93C8412}.Debug|x86.ActiveCfg = Debug|Any CPU
		{F5DA409E-60C6-4491-A75E-65CFE93C8412}.Debug|x86.Build.0 = Debug|Any CPU
		{F5DA409E-60C6-4491-A75E-65CFE93C8412}.Release|Any CPU.ActiveCfg = Release|Any CPU
		{F5DA409E-60C6-4491-A75E-65CFE93C8412}.Release|Any CPU.Build.0 = Release|Any CPU
		{F5DA409E-60C6-4491-A75E-65CFE93C8412}.Release|x64.ActiveCfg = Release|Any CPU
		{F5DA409E-60C6-4491-A75E-65CFE93C8412}.Release|x64.Build.0 = Release|Any CPU
		{F5DA409E-60C6-4491-A75E-65CFE93C8412}.Release|x86.ActiveCfg = Release|Any CPU
		{F5DA409E-60C6-4491-A75E-65CFE93C8412}.Release|x86.Build.0 = Release|Any CPU
		{42E92685-000D-49B4-8EDE-50782D7074D6}.Debug|Any CPU.ActiveCfg = Debug|Any CPU
		{42E92685-000D-49B4-8EDE-50782D7074D6}.Debug|Any CPU.Build.0 = Debug|Any CPU
		{42E92685-000D-49B4-8EDE-50782D7074D6}.Debug|x64.ActiveCfg = Debug|Any CPU
		{42E92685-000D-49B4-8EDE-50782D7074D6}.Debug|x64.Build.0 = Debug|Any CPU
		{42E92685-000D-49B4-8EDE-50782D7074D6}.Debug|x86.ActiveCfg = Debug|Any CPU
		{42E92685-000D-49B4-8EDE-50782D7074D6}.Debug|x86.Build.0 = Debug|Any CPU
		{42E92685-000D-49B4-8EDE-50782D7074D6}.Release|Any CPU.ActiveCfg = Release|Any CPU
		{42E92685-000D-49B4-8EDE-50782D7074D6}.Release|Any CPU.Build.0 = Release|Any CPU
		{42E92685-000D-49B4-8EDE-50782D7074D6}.Release|x64.ActiveCfg = Release|Any CPU
		{42E92685-000D-49B4-8EDE-50782D7074D6}.Release|x64.Build.0 = Release|Any CPU
		{42E92685-000D-49B4-8EDE-50782D7074D6}.Release|x86.ActiveCfg = Release|Any CPU
		{42E92685-000D-49B4-8EDE-50782D7074D6}.Release|x86.Build.0 = Release|Any CPU
	EndGlobalSection
	GlobalSection(SolutionProperties) = preSolution
		HideSolutionNode = FALSE
	EndGlobalSection
	GlobalSection(NestedProjects) = preSolution
		{89875A62-40CF-5CAB-7A5A-D58227126091} = {5D20AA90-6969-D8BD-9DCD-8634F4692FDA}
		{2585B455-7253-4806-9304-FB14015D4506} = {89875A62-40CF-5CAB-7A5A-D58227126091}
		{28C20906-5644-499C-A868-7B932A6A8EAD} = {5D20AA90-6969-D8BD-9DCD-8634F4692FDA}
		{3991B076-C6BA-488D-968D-A62424A29D99} = {5D20AA90-6969-D8BD-9DCD-8634F4692FDA}
		{B2CE15FB-396A-483F-A854-66755E37D4A5} = {5D20AA90-6969-D8BD-9DCD-8634F4692FDA}
		{9767401C-7000-4E65-86E8-F075AA99495A} = {5D20AA90-6969-D8BD-9DCD-8634F4692FDA}
		{9570C29A-01B6-C267-C7AB-0F2FE482C4C2} = {5D20AA90-6969-D8BD-9DCD-8634F4692FDA}
		{A708CEE1-5CE9-4C96-BAE9-B4B12A0C1883} = {9570C29A-01B6-C267-C7AB-0F2FE482C4C2}
		{A0957D83-74D6-B313-A0FA-C2C680DDFF1E} = {5D20AA90-6969-D8BD-9DCD-8634F4692FDA}
		{83C21352-222D-4665-B7AF-5DE1FD078F3C} = {A0957D83-74D6-B313-A0FA-C2C680DDFF1E}
		{5CB8EC94-7C32-4F39-BA83-8701C3545110} = {5D20AA90-6969-D8BD-9DCD-8634F4692FDA}
		{F5DA409E-60C6-4491-A75E-65CFE93C8412} = {5D20AA90-6969-D8BD-9DCD-8634F4692FDA}
		{D82A827B-243C-D141-794F-1E6FB4D60C4A} = {5D20AA90-6969-D8BD-9DCD-8634F4692FDA}
		{42E92685-000D-49B4-8EDE-50782D7074D6} = {D82A827B-243C-D141-794F-1E6FB4D60C4A}
	EndGlobalSection
EndGlobal
